
Microsoft Visual Studio Solution File, Format Version 12.00
# Visual Studio 15
VisualStudioVersion = 15.0.27004.2010
MinimumVisualStudioVersion = 10.0.40219.1
Project("{FAE04EC0-301F-11D3-BF4B-00C04F79EFBC}") = "IncrementElement", "IncrementElement\IncrementElement.csproj", "{77927045-1EB8-4020-A3ED-45A7F92C5530}"
EndProject
Global
	GlobalSection(SolutionConfigurationPlatforms) = preSolution
		Debug|Any CPU = Debug|Any CPU
		Release|Any CPU = Release|Any CPU
	EndGlobalSection
	GlobalSection(ProjectConfigurationPlatforms) = postSolution
		{77927045-1EB8-4020-A3ED-45A7F92C5530}.Debug|Any CPU.ActiveCfg = Debug|Any CPU
		{77927045-1EB8-4020-A3ED-45A7F92C5530}.Debug|Any CPU.Build.0 = Debug|Any CPU
		{77927045-1EB8-4020-A3ED-45A7F92C5530}.Release|Any CPU.ActiveCfg = Release|Any CPU
		{77927045-1EB8-4020-A3ED-45A7F92C5530}.Release|Any CPU.Build.0 = Release|Any CPU
	EndGlobalSection
	GlobalSection(SolutionProperties) = preSolution
		HideSolutionNode = FALSE
	EndGlobalSection
	GlobalSection(ExtensibilityGlobals) = postSolution
		SolutionGuid = {412FFF58-5D79-4066-906C-23728061E02C}
	EndGlobalSection
EndGlobal
