
Microsoft Visual Studio Solution File, Format Version 12.00
# Visual Studio 15
VisualStudioVersion = 15.0.27004.2010
MinimumVisualStudioVersion = 10.0.40219.1
Project("{FAE04EC0-301F-11D3-BF4B-00C04F79EFBC}") = "Exercise25", "Exercise25\Exercise25.csproj", "{8DD26940-9934-4967-8496-2F36BE41A582}"
EndProject
Global
	GlobalSection(SolutionConfigurationPlatforms) = preSolution
		Debug|Any CPU = Debug|Any CPU
		Release|Any CPU = Release|Any CPU
	EndGlobalSection
	GlobalSection(ProjectConfigurationPlatforms) = postSolution
		{8DD26940-9934-4967-8496-2F36BE41A582}.Debug|Any CPU.ActiveCfg = Debug|Any CPU
		{8DD26940-9934-4967-8496-2F36BE41A582}.Debug|Any CPU.Build.0 = Debug|Any CPU
		{8DD26940-9934-4967-8496-2F36BE41A582}.Release|Any CPU.ActiveCfg = Release|Any CPU
		{8DD26940-9934-4967-8496-2F36BE41A582}.Release|Any CPU.Build.0 = Release|Any CPU
	EndGlobalSection
	GlobalSection(SolutionProperties) = preSolution
		HideSolutionNode = FALSE
	EndGlobalSection
	GlobalSection(ExtensibilityGlobals) = postSolution
		SolutionGuid = {1A72DC66-61BA-4195-85E0-7A0C19B12CC2}
	EndGlobalSection
EndGlobal
