
Microsoft Visual Studio Solution File, Format Version 12.00
# Visual Studio 15
VisualStudioVersion = 15.0.27004.2010
MinimumVisualStudioVersion = 10.0.40219.1
Project("{FAE04EC0-301F-11D3-BF4B-00C04F79EFBC}") = "Exercise04", "Exercise04\Exercise04.csproj", "{C75EDFE7-9983-4321-B7F4-48F45D191F4E}"
EndProject
Global
	GlobalSection(SolutionConfigurationPlatforms) = preSolution
		Debug|Any CPU = Debug|Any CPU
		Release|Any CPU = Release|Any CPU
	EndGlobalSection
	GlobalSection(ProjectConfigurationPlatforms) = postSolution
		{C75EDFE7-9983-4321-B7F4-48F45D191F4E}.Debug|Any CPU.ActiveCfg = Debug|Any CPU
		{C75EDFE7-9983-4321-B7F4-48F45D191F4E}.Debug|Any CPU.Build.0 = Debug|Any CPU
		{C75EDFE7-9983-4321-B7F4-48F45D191F4E}.Release|Any CPU.ActiveCfg = Release|Any CPU
		{C75EDFE7-9983-4321-B7F4-48F45D191F4E}.Release|Any CPU.Build.0 = Release|Any CPU
	EndGlobalSection
	GlobalSection(SolutionProperties) = preSolution
		HideSolutionNode = FALSE
	EndGlobalSection
	GlobalSection(ExtensibilityGlobals) = postSolution
		SolutionGuid = {E8222A7D-264A-4758-A9C7-83F924A11927}
	EndGlobalSection
EndGlobal
