
Microsoft Visual Studio Solution File, Format Version 12.00
# Visual Studio 15
VisualStudioVersion = 15.0.27004.2010
MinimumVisualStudioVersion = 10.0.40219.1
Project("{FAE04EC0-301F-11D3-BF4B-00C04F79EFBC}") = "Task01", "Task01\Task01.csproj", "{C0154F1F-95A6-4EC9-9A18-F70704AAD51D}"
EndProject
Global
	GlobalSection(SolutionConfigurationPlatforms) = preSolution
		Debug|Any CPU = Debug|Any CPU
		Release|Any CPU = Release|Any CPU
	EndGlobalSection
	GlobalSection(ProjectConfigurationPlatforms) = postSolution
		{C0154F1F-95A6-4EC9-9A18-F70704AAD51D}.Debug|Any CPU.ActiveCfg = Debug|Any CPU
		{C0154F1F-95A6-4EC9-9A18-F70704AAD51D}.Debug|Any CPU.Build.0 = Debug|Any CPU
		{C0154F1F-95A6-4EC9-9A18-F70704AAD51D}.Release|Any CPU.ActiveCfg = Release|Any CPU
		{C0154F1F-95A6-4EC9-9A18-F70704AAD51D}.Release|Any CPU.Build.0 = Release|Any CPU
	EndGlobalSection
	GlobalSection(SolutionProperties) = preSolution
		HideSolutionNode = FALSE
	EndGlobalSection
	GlobalSection(ExtensibilityGlobals) = postSolution
		SolutionGuid = {E7ED8824-0D20-419B-8DD2-3505D3680855}
	EndGlobalSection
EndGlobal
