
Microsoft Visual Studio Solution File, Format Version 12.00
# Visual Studio 15
VisualStudioVersion = 15.0.27004.2010
MinimumVisualStudioVersion = 10.0.40219.1
Project("{FAE04EC0-301F-11D3-BF4B-00C04F79EFBC}") = "FourRectangles", "FourRectangles\FourRectangles.csproj", "{D85E7448-243D-4C89-BBC6-198EA18D0C9F}"
EndProject
Global
	GlobalSection(SolutionConfigurationPlatforms) = preSolution
		Debug|Any CPU = Debug|Any CPU
		Release|Any CPU = Release|Any CPU
	EndGlobalSection
	GlobalSection(ProjectConfigurationPlatforms) = postSolution
		{D85E7448-243D-4C89-BBC6-198EA18D0C9F}.Debug|Any CPU.ActiveCfg = Debug|Any CPU
		{D85E7448-243D-4C89-BBC6-198EA18D0C9F}.Debug|Any CPU.Build.0 = Debug|Any CPU
		{D85E7448-243D-4C89-BBC6-198EA18D0C9F}.Release|Any CPU.ActiveCfg = Release|Any CPU
		{D85E7448-243D-4C89-BBC6-198EA18D0C9F}.Release|Any CPU.Build.0 = Release|Any CPU
	EndGlobalSection
	GlobalSection(SolutionProperties) = preSolution
		HideSolutionNode = FALSE
	EndGlobalSection
	GlobalSection(ExtensibilityGlobals) = postSolution
		SolutionGuid = {EBEF2B2E-D9F4-41D4-9299-7A8E441F3078}
	EndGlobalSection
EndGlobal
