
Microsoft Visual Studio Solution File, Format Version 12.00
# Visual Studio 15
VisualStudioVersion = 15.0.27004.2010
MinimumVisualStudioVersion = 10.0.40219.1
Project("{FAE04EC0-301F-11D3-BF4B-00C04F79EFBC}") = "Objects", "Objects\Objects.csproj", "{1007D295-8F40-4B15-85D0-E5D1408213EC}"
EndProject
Global
	GlobalSection(SolutionConfigurationPlatforms) = preSolution
		Debug|Any CPU = Debug|Any CPU
		Release|Any CPU = Release|Any CPU
	EndGlobalSection
	GlobalSection(ProjectConfigurationPlatforms) = postSolution
		{1007D295-8F40-4B15-85D0-E5D1408213EC}.Debug|Any CPU.ActiveCfg = Debug|Any CPU
		{1007D295-8F40-4B15-85D0-E5D1408213EC}.Debug|Any CPU.Build.0 = Debug|Any CPU
		{1007D295-8F40-4B15-85D0-E5D1408213EC}.Release|Any CPU.ActiveCfg = Release|Any CPU
		{1007D295-8F40-4B15-85D0-E5D1408213EC}.Release|Any CPU.Build.0 = Release|Any CPU
	EndGlobalSection
	GlobalSection(SolutionProperties) = preSolution
		HideSolutionNode = FALSE
	EndGlobalSection
	GlobalSection(ExtensibilityGlobals) = postSolution
		SolutionGuid = {5CB07026-28FA-4199-9E67-DA9644DF2215}
	EndGlobalSection
EndGlobal
