
Microsoft Visual Studio Solution File, Format Version 12.00
# Visual Studio 15
VisualStudioVersion = 15.0.27004.2010
MinimumVisualStudioVersion = 10.0.40219.1
Project("{9A19103F-16F7-4668-BE54-9A1E7A4F7556}") = "Sum", "Sum\Sum.csproj", "{1875731B-48FC-4328-9409-90B99DD26E97}"
EndProject
Project("{FAE04EC0-301F-11D3-BF4B-00C04F79EFBC}") = "SumTesting", "SumTesting\SumTesting.csproj", "{EFA2C393-8507-491D-885F-65AEF4E1C8CB}"
EndProject
Global
	GlobalSection(SolutionConfigurationPlatforms) = preSolution
		Debug|Any CPU = Debug|Any CPU
		Release|Any CPU = Release|Any CPU
	EndGlobalSection
	GlobalSection(ProjectConfigurationPlatforms) = postSolution
		{1875731B-48FC-4328-9409-90B99DD26E97}.Debug|Any CPU.ActiveCfg = Debug|Any CPU
		{1875731B-48FC-4328-9409-90B99DD26E97}.Debug|Any CPU.Build.0 = Debug|Any CPU
		{1875731B-48FC-4328-9409-90B99DD26E97}.Release|Any CPU.ActiveCfg = Release|Any CPU
		{1875731B-48FC-4328-9409-90B99DD26E97}.Release|Any CPU.Build.0 = Release|Any CPU
		{EFA2C393-8507-491D-885F-65AEF4E1C8CB}.Debug|Any CPU.ActiveCfg = Debug|Any CPU
		{EFA2C393-8507-491D-885F-65AEF4E1C8CB}.Debug|Any CPU.Build.0 = Debug|Any CPU
		{EFA2C393-8507-491D-885F-65AEF4E1C8CB}.Release|Any CPU.ActiveCfg = Release|Any CPU
		{EFA2C393-8507-491D-885F-65AEF4E1C8CB}.Release|Any CPU.Build.0 = Release|Any CPU
	EndGlobalSection
	GlobalSection(SolutionProperties) = preSolution
		HideSolutionNode = FALSE
	EndGlobalSection
	GlobalSection(ExtensibilityGlobals) = postSolution
		SolutionGuid = {87C75785-14BC-4456-897D-0CAB5FE5684F}
	EndGlobalSection
EndGlobal
