
Microsoft Visual Studio Solution File, Format Version 12.00
# Visual Studio 15
VisualStudioVersion = 15.0.27004.2010
MinimumVisualStudioVersion = 10.0.40219.1
Project("{FAE04EC0-301F-11D3-BF4B-00C04F79EFBC}") = "Exercise03", "Exercise03\Exercise03.csproj", "{F260523A-CC37-4FDE-BB43-9C11E3C011F8}"
EndProject
Global
	GlobalSection(SolutionConfigurationPlatforms) = preSolution
		Debug|Any CPU = Debug|Any CPU
		Release|Any CPU = Release|Any CPU
	EndGlobalSection
	GlobalSection(ProjectConfigurationPlatforms) = postSolution
		{F260523A-CC37-4FDE-BB43-9C11E3C011F8}.Debug|Any CPU.ActiveCfg = Debug|Any CPU
		{F260523A-CC37-4FDE-BB43-9C11E3C011F8}.Debug|Any CPU.Build.0 = Debug|Any CPU
		{F260523A-CC37-4FDE-BB43-9C11E3C011F8}.Release|Any CPU.ActiveCfg = Release|Any CPU
		{F260523A-CC37-4FDE-BB43-9C11E3C011F8}.Release|Any CPU.Build.0 = Release|Any CPU
	EndGlobalSection
	GlobalSection(SolutionProperties) = preSolution
		HideSolutionNode = FALSE
	EndGlobalSection
	GlobalSection(ExtensibilityGlobals) = postSolution
		SolutionGuid = {B24053C1-3ADF-4530-912C-4608CB97741F}
	EndGlobalSection
EndGlobal
