
Microsoft Visual Studio Solution File, Format Version 12.00
# Visual Studio 15
VisualStudioVersion = 15.0.27004.2010
MinimumVisualStudioVersion = 10.0.40219.1
Project("{FAE04EC0-301F-11D3-BF4B-00C04F79EFBC}") = "ApplesProject", "ConsoleApp1\ApplesProject.csproj", "{1C1AA90F-386F-471D-9825-B225852D6407}"
EndProject
Project("{FAE04EC0-301F-11D3-BF4B-00C04F79EFBC}") = "TestingProject", "TestingProject\TestingProject.csproj", "{FD598914-9919-4F23-B594-D2EA264F19AF}"
EndProject
Global
	GlobalSection(SolutionConfigurationPlatforms) = preSolution
		Debug|Any CPU = Debug|Any CPU
		Release|Any CPU = Release|Any CPU
	EndGlobalSection
	GlobalSection(ProjectConfigurationPlatforms) = postSolution
		{1C1AA90F-386F-471D-9825-B225852D6407}.Debug|Any CPU.ActiveCfg = Debug|Any CPU
		{1C1AA90F-386F-471D-9825-B225852D6407}.Debug|Any CPU.Build.0 = Debug|Any CPU
		{1C1AA90F-386F-471D-9825-B225852D6407}.Release|Any CPU.ActiveCfg = Release|Any CPU
		{1C1AA90F-386F-471D-9825-B225852D6407}.Release|Any CPU.Build.0 = Release|Any CPU
		{FD598914-9919-4F23-B594-D2EA264F19AF}.Debug|Any CPU.ActiveCfg = Debug|Any CPU
		{FD598914-9919-4F23-B594-D2EA264F19AF}.Debug|Any CPU.Build.0 = Debug|Any CPU
		{FD598914-9919-4F23-B594-D2EA264F19AF}.Release|Any CPU.ActiveCfg = Release|Any CPU
		{FD598914-9919-4F23-B594-D2EA264F19AF}.Release|Any CPU.Build.0 = Release|Any CPU
	EndGlobalSection
	GlobalSection(SolutionProperties) = preSolution
		HideSolutionNode = FALSE
	EndGlobalSection
	GlobalSection(ExtensibilityGlobals) = postSolution
		SolutionGuid = {E7AFC94D-2B61-4F8B-9117-2C21959AAC42}
	EndGlobalSection
EndGlobal
