
Microsoft Visual Studio Solution File, Format Version 12.00
# Visual Studio 15
VisualStudioVersion = 15.0.27004.2010
MinimumVisualStudioVersion = 10.0.40219.1
Project("{FAE04EC0-301F-11D3-BF4B-00C04F79EFBC}") = "DoubleItems", "DoubleItems\DoubleItems.csproj", "{3FABE84C-7BF6-4986-B36E-95FDC88D0F33}"
EndProject
Global
	GlobalSection(SolutionConfigurationPlatforms) = preSolution
		Debug|Any CPU = Debug|Any CPU
		Release|Any CPU = Release|Any CPU
	EndGlobalSection
	GlobalSection(ProjectConfigurationPlatforms) = postSolution
		{3FABE84C-7BF6-4986-B36E-95FDC88D0F33}.Debug|Any CPU.ActiveCfg = Debug|Any CPU
		{3FABE84C-7BF6-4986-B36E-95FDC88D0F33}.Debug|Any CPU.Build.0 = Debug|Any CPU
		{3FABE84C-7BF6-4986-B36E-95FDC88D0F33}.Release|Any CPU.ActiveCfg = Release|Any CPU
		{3FABE84C-7BF6-4986-B36E-95FDC88D0F33}.Release|Any CPU.Build.0 = Release|Any CPU
	EndGlobalSection
	GlobalSection(SolutionProperties) = preSolution
		HideSolutionNode = FALSE
	EndGlobalSection
	GlobalSection(ExtensibilityGlobals) = postSolution
		SolutionGuid = {0D95FDC6-2D66-4911-87E2-37A942973BB0}
	EndGlobalSection
EndGlobal
