
Microsoft Visual Studio Solution File, Format Version 12.00
# Visual Studio 15
VisualStudioVersion = 15.0.27004.2010
MinimumVisualStudioVersion = 10.0.40219.1
Project("{FAE04EC0-301F-11D3-BF4B-00C04F79EFBC}") = "Lists01", "Lists01\Lists01.csproj", "{ED6B6F60-C81C-41B4-8C3C-41542DCF667B}"
EndProject
Global
	GlobalSection(SolutionConfigurationPlatforms) = preSolution
		Debug|Any CPU = Debug|Any CPU
		Release|Any CPU = Release|Any CPU
	EndGlobalSection
	GlobalSection(ProjectConfigurationPlatforms) = postSolution
		{ED6B6F60-C81C-41B4-8C3C-41542DCF667B}.Debug|Any CPU.ActiveCfg = Debug|Any CPU
		{ED6B6F60-C81C-41B4-8C3C-41542DCF667B}.Debug|Any CPU.Build.0 = Debug|Any CPU
		{ED6B6F60-C81C-41B4-8C3C-41542DCF667B}.Release|Any CPU.ActiveCfg = Release|Any CPU
		{ED6B6F60-C81C-41B4-8C3C-41542DCF667B}.Release|Any CPU.Build.0 = Release|Any CPU
	EndGlobalSection
	GlobalSection(SolutionProperties) = preSolution
		HideSolutionNode = FALSE
	EndGlobalSection
	GlobalSection(ExtensibilityGlobals) = postSolution
		SolutionGuid = {A93F975F-5EF6-4702-869F-E76D2B7D328A}
	EndGlobalSection
EndGlobal
